
Microsoft Visual Studio Solution File, Format Version 12.00
# Visual Studio Version 17
VisualStudioVersion = 17.6.33829.357
MinimumVisualStudioVersion = 10.0.40219.1
Project("{FAE04EC0-301F-11D3-BF4B-00C04F79EFBC}") = "resimsifreleme", "resimsifreleme\resimsifreleme.csproj", "{5691ED84-E003-46A4-87F6-D1C521AA5C92}"
EndProject
Global
	GlobalSection(SolutionConfigurationPlatforms) = preSolution
		Debug|Any CPU = Debug|Any CPU
		Release|Any CPU = Release|Any CPU
	EndGlobalSection
	GlobalSection(ProjectConfigurationPlatforms) = postSolution
		{5691ED84-E003-46A4-87F6-D1C521AA5C92}.Debug|Any CPU.ActiveCfg = Debug|Any CPU
		{5691ED84-E003-46A4-87F6-D1C521AA5C92}.Debug|Any CPU.Build.0 = Debug|Any CPU
		{5691ED84-E003-46A4-87F6-D1C521AA5C92}.Release|Any CPU.ActiveCfg = Release|Any CPU
		{5691ED84-E003-46A4-87F6-D1C521AA5C92}.Release|Any CPU.Build.0 = Release|Any CPU
	EndGlobalSection
	GlobalSection(SolutionProperties) = preSolution
		HideSolutionNode = FALSE
	EndGlobalSection
	GlobalSection(ExtensibilityGlobals) = postSolution
		SolutionGuid = {8EB1B429-7062-4E8B-96BE-319821030D62}
	EndGlobalSection
EndGlobal
